<?xml version="1.0" encoding="utf-8"?>
<Project ToolsVersion="4.0" xmlns="http://schemas.microsoft.com/developer/msbuild/2003">
  <ItemGroup>
    <Filter Include="Source Files">
      <UniqueIdentifier>{4FC737F1-C7A5-4376-A066-2A32D752A2FF}</UniqueIdentifier>
      <Extensions>cpp;c;cc;cxx;def;odl;idl;hpj;bat;asm;asmx</Extensions>
    </Filter>
    <Filter Include="Header Files">
      <UniqueIdentifier>{93995380-89BD-4b04-88EB-625FBE52EBFB}</UniqueIdentifier>
      <Extensions>h;hh;hpp;hxx;hm;inl;inc;xsd</Extensions>
    </Filter>
    <Filter Include="Test">
      <UniqueIdentifier>{81c477a2-55c1-4db9-b005-de17a58ee61b}</UniqueIdentifier>
    </Filter>
  </ItemGroup>
  <ItemGroup>
    <ClCompile Include="src\Slab.cpp">
      <Filter>Source Files</Filter>
    </ClCompile>
    <ClCompile Include="src\AllocatorUtility.cpp">
      <Filter>Source Files</Filter>
    </ClCompile>
    <ClCompile Include="src\Buddy.cpp">
      <Filter>Source Files</Filter>
    </ClCompile>
    <ClCompile Include="src\BlockList.cpp">
      <Filter>Source Files</Filter>
    </ClCompile>
    <ClCompile Include="src\SlabUtility.cpp">
      <Filter>Source Files</Filter>
    </ClCompile>
    <ClCompile Include="src\SlabStructs.cpp">
      <Filter>Source Files</Filter>
    </ClCompile>
    <ClCompile Include="src\SlabList.cpp">
      <Filter>Source Files</Filter>
    </ClCompile>
    <ClCompile Include="src\CacheHeaderList.cpp">
      <Filter>Source Files</Filter>
    </ClCompile>
    <ClCompile Include="src\CacheBlockList.cpp">
      <Filter>Source Files</Filter>
    </ClCompile>
    <ClCompile Include="test\public_test\main.cpp">
      <Filter>Test</Filter>
    </ClCompile>
    <ClCompile Include="test\public_test\test.cpp">
      <Filter>Test</Filter>
    </ClCompile>
  </ItemGroup>
  <ItemGroup>
    <ClInclude Include="h\Slab.h">
      <Filter>Header Files</Filter>
    </ClInclude>
    <ClInclude Include="h\AllocatorUtility.h">
      <Filter>Header Files</Filter>
    </ClInclude>
    <ClInclude Include="h\Buddy.h">
      <Filter>Header Files</Filter>
    </ClInclude>
    <ClInclude Include="h\Definitions.h">
      <Filter>Header Files</Filter>
    </ClInclude>
    <ClInclude Include="h\BlockList.h">
      <Filter>Header Files</Filter>
    </ClInclude>
    <ClInclude Include="h\SlabUtility.h">
      <Filter>Header Files</Filter>
    </ClInclude>
    <ClInclude Include="h\SlabStructs.h">
      <Filter>Header Files</Filter>
    </ClInclude>
    <ClInclude Include="h\SlabList.h">
      <Filter>Header Files</Filter>
    </ClInclude>
    <ClInclude Include="h\CacheHeaderList.h">
      <Filter>Header Files</Filter>
    </ClInclude>
    <ClInclude Include="h\CacheBlockList.h">
      <Filter>Header Files</Filter>
    </ClInclude>
    <ClInclude Include="test\public_test\test.h">
      <Filter>Test</Filter>
    </ClInclude>
  </ItemGroup>
</Project>